// !$*UTF8*$!
{
	archiveVersion = 1;
	classes = {
	};
	objectVersion = 46;
	objects = {

/* Begin PBXBuildFile section */
		1E07F7261FCDBB1500D7B280 /* ReviewSegmentedControl.xib in Resources */ = {isa = PBXBuildFile; fileRef = 1E07F7251FCDBB1500D7B280 /* ReviewSegmentedControl.xib */; };
		1E19701C1FBB244100C8D66A /* Assets.xcassets in Resources */ = {isa = PBXBuildFile; fileRef = 1E19701B1FBB244100C8D66A /* Assets.xcassets */; };
		1E19701F1FBB28F500C8D66A /* AddAppViewController.swift in Sources */ = {isa = PBXBuildFile; fileRef = 1E19701E1FBB28F500C8D66A /* AddAppViewController.swift */; };
		1E1970251FBB657700C8D66A /* AddAppInteractor.swift in Sources */ = {isa = PBXBuildFile; fileRef = 1E1970241FBB657700C8D66A /* AddAppInteractor.swift */; };
		1E2185971FC2E5CD00D7E020 /* AppReviewsController.swift in Sources */ = {isa = PBXBuildFile; fileRef = 1E2185961FC2E5CD00D7E020 /* AppReviewsController.swift */; };
		1E21859A1FC2EB2A00D7E020 /* ReviewCell.xib in Resources */ = {isa = PBXBuildFile; fileRef = 1E2185991FC2EB2A00D7E020 /* ReviewCell.xib */; };
		1E3861E81FC31C5100F938F8 /* ReviewDetailsController.swift in Sources */ = {isa = PBXBuildFile; fileRef = 1E3861E71FC31C5100F938F8 /* ReviewDetailsController.swift */; };
		1E3861EA1FC31DF000F938F8 /* ReviewDetailsHeaderCell.xib in Resources */ = {isa = PBXBuildFile; fileRef = 1E3861E91FC31DF000F938F8 /* ReviewDetailsHeaderCell.xib */; };
		1E3861EC1FC3246A00F938F8 /* ReviewDetailsCell.xib in Resources */ = {isa = PBXBuildFile; fileRef = 1E3861EB1FC3246A00F938F8 /* ReviewDetailsCell.xib */; };
		1E39629F1FC58B3000A04478 /* HomeInteractorTest.swift in Sources */ = {isa = PBXBuildFile; fileRef = 1E39629E1FC58B3000A04478 /* HomeInteractorTest.swift */; };
		1E3962A21FC5BF8800A04478 /* AddAppInteractorTest.swift in Sources */ = {isa = PBXBuildFile; fileRef = 1E3962A11FC5BF8800A04478 /* AddAppInteractorTest.swift */; };
		1E3962A41FC5C56500A04478 /* MockStorage.swift in Sources */ = {isa = PBXBuildFile; fileRef = 1E3962A31FC5C56500A04478 /* MockStorage.swift */; };
		1E3962A61FC5CCB000A04478 /* AppDetailsDataSource.swift in Sources */ = {isa = PBXBuildFile; fileRef = 1E3962A51FC5CCB000A04478 /* AppDetailsDataSource.swift */; };
		1E3962A81FC5D12D00A04478 /* AppReviewsDataSource.swift in Sources */ = {isa = PBXBuildFile; fileRef = 1E3962A71FC5D12D00A04478 /* AppReviewsDataSource.swift */; };
		1E3962AA1FC5D3BC00A04478 /* AppReviewsDelegate.swift in Sources */ = {isa = PBXBuildFile; fileRef = 1E3962A91FC5D3BC00A04478 /* AppReviewsDelegate.swift */; };
		1E3962AC1FC5D61300A04478 /* ReviewDetailsDataSource.swift in Sources */ = {isa = PBXBuildFile; fileRef = 1E3962AB1FC5D61300A04478 /* ReviewDetailsDataSource.swift */; };
		1E3962B01FC5D93000A04478 /* AddAppView.xib in Resources */ = {isa = PBXBuildFile; fileRef = 1E3962AF1FC5D93000A04478 /* AddAppView.xib */; };
		1E4C8BB01FC335B800795775 /* HomeDelegate.swift in Sources */ = {isa = PBXBuildFile; fileRef = 1E4C8BAF1FC335B800795775 /* HomeDelegate.swift */; };
		1E4C8BB21FC3366800795775 /* HomeDataSource.swift in Sources */ = {isa = PBXBuildFile; fileRef = 1E4C8BB11FC3366800795775 /* HomeDataSource.swift */; };
		1E4C8BB61FC33E3500795775 /* HomeDataSourceTest.swift in Sources */ = {isa = PBXBuildFile; fileRef = 1E4C8BB51FC33E3500795775 /* HomeDataSourceTest.swift */; };
		1E4C8BB81FC3414800795775 /* HomeInteractorProtocol.swift in Sources */ = {isa = PBXBuildFile; fileRef = 1E4C8BB71FC3414800795775 /* HomeInteractorProtocol.swift */; };
		1E4C8BBD1FC3434500795775 /* HomeInteractorMock.swift in Sources */ = {isa = PBXBuildFile; fileRef = 1E4C8BBC1FC3434500795775 /* HomeInteractorMock.swift */; };
		1E51D4A31FC4665500C272B0 /* TestFixtures.swift in Sources */ = {isa = PBXBuildFile; fileRef = 1E51D4A21FC4665500C272B0 /* TestFixtures.swift */; };
		1E55B0A61FC498C90004C36A /* MockNavigationController.swift in Sources */ = {isa = PBXBuildFile; fileRef = 1E55B0A51FC498C90004C36A /* MockNavigationController.swift */; };
		1E5D8CC11FBDCA1400268B56 /* AppDetailsController.swift in Sources */ = {isa = PBXBuildFile; fileRef = 1E5D8CC01FBDCA1400268B56 /* AppDetailsController.swift */; };
		1E5D8CC31FBDCEF800268B56 /* DetailsHeaderCell.xib in Resources */ = {isa = PBXBuildFile; fileRef = 1E5D8CC21FBDCEF800268B56 /* DetailsHeaderCell.xib */; };
		1E9DA7F81FD80841003FFDBE /* Cells.swift in Sources */ = {isa = PBXBuildFile; fileRef = 1E9DA7F31FD80841003FFDBE /* Cells.swift */; };
		1E9DA7F91FD80841003FFDBE /* Images.swift in Sources */ = {isa = PBXBuildFile; fileRef = 1E9DA7F41FD80841003FFDBE /* Images.swift */; };
		1E9DA7FA1FD80841003FFDBE /* Rating.swift in Sources */ = {isa = PBXBuildFile; fileRef = 1E9DA7F51FD80841003FFDBE /* Rating.swift */; };
		1E9DA7FB1FD80841003FFDBE /* Review.swift in Sources */ = {isa = PBXBuildFile; fileRef = 1E9DA7F61FD80841003FFDBE /* Review.swift */; };
		1E9DA7FC1FD80841003FFDBE /* Views.swift in Sources */ = {isa = PBXBuildFile; fileRef = 1E9DA7F71FD80841003FFDBE /* Views.swift */; };
		1E9DA8001FD8086E003FFDBE /* ImageClient.swift in Sources */ = {isa = PBXBuildFile; fileRef = 1E9DA7FE1FD8086E003FFDBE /* ImageClient.swift */; };
		1E9DA8011FD8086E003FFDBE /* RatingClient.swift in Sources */ = {isa = PBXBuildFile; fileRef = 1E9DA7FF1FD8086E003FFDBE /* RatingClient.swift */; };
		1E9DA8061FD80899003FFDBE /* StringError.swift in Sources */ = {isa = PBXBuildFile; fileRef = 1E9DA8041FD80899003FFDBE /* StringError.swift */; };
		1E9DA8081FD82125003FFDBE /* TestSplitViewController.swift in Sources */ = {isa = PBXBuildFile; fileRef = 1E9DA8071FD82125003FFDBE /* TestSplitViewController.swift */; };
		1E9DA80E1FD95CB8003FFDBE /* PrimarySplitViewController.swift in Sources */ = {isa = PBXBuildFile; fileRef = 1E9DA80D1FD95CB8003FFDBE /* PrimarySplitViewController.swift */; };
		1EC111801FB33B04007BDA28 /* AppDelegate.swift in Sources */ = {isa = PBXBuildFile; fileRef = 1EC1117F1FB33B04007BDA28 /* AppDelegate.swift */; };
		1EC111851FB33B04007BDA28 /* Main.storyboard in Resources */ = {isa = PBXBuildFile; fileRef = 1EC111831FB33B04007BDA28 /* Main.storyboard */; };
		1EC111951FB33B04007BDA28 /* RatrTests.swift in Sources */ = {isa = PBXBuildFile; fileRef = 1EC111941FB33B04007BDA28 /* RatrTests.swift */; };
		1EE38FCF1FBEFA290065401F /* DetailsCellSmall.xib in Resources */ = {isa = PBXBuildFile; fileRef = 1EE38FCE1FBEFA290065401F /* DetailsCellSmall.xib */; };
		1EE38FD11FBEFB900065401F /* DetailsCellLarge.xib in Resources */ = {isa = PBXBuildFile; fileRef = 1EE38FD01FBEFB900065401F /* DetailsCellLarge.xib */; };
		1EE38FD71FBF36A30065401F /* RatingTabController.swift in Sources */ = {isa = PBXBuildFile; fileRef = 1EE38FD61FBF36A30065401F /* RatingTabController.swift */; };
		1EE9C5361FB9FB4F00FD4410 /* HomeViewController.swift in Sources */ = {isa = PBXBuildFile; fileRef = 1EE9C5351FB9FB4F00FD4410 /* HomeViewController.swift */; };
		1EE9C5381FB9FBA500FD4410 /* HomeCell.xib in Resources */ = {isa = PBXBuildFile; fileRef = 1EE9C5371FB9FBA500FD4410 /* HomeCell.xib */; };
		1EE9C53B1FBA06E000FD4410 /* HomeInteractor.swift in Sources */ = {isa = PBXBuildFile; fileRef = 1EE9C53A1FBA06E000FD4410 /* HomeInteractor.swift */; };
		1EF008EE1FC45B4E00388B0E /* RatingClientMock.swift in Sources */ = {isa = PBXBuildFile; fileRef = 1EF008ED1FC45B4E00388B0E /* RatingClientMock.swift */; };
		1EF008F01FC45D1300388B0E /* HomeDelegateTest.swift in Sources */ = {isa = PBXBuildFile; fileRef = 1EF008EF1FC45D1300388B0E /* HomeDelegateTest.swift */; };
		1EF008F21FC45F2D00388B0E /* HomeDataSourceProtocol.swift in Sources */ = {isa = PBXBuildFile; fileRef = 1EF008F11FC45F2D00388B0E /* HomeDataSourceProtocol.swift */; };
		1EF008F41FC4610300388B0E /* HomeDataSourceMock.swift in Sources */ = {isa = PBXBuildFile; fileRef = 1EF008F31FC4610300388B0E /* HomeDataSourceMock.swift */; };
		591113DB182900C0EB00FEF4 /* Pods_Ratr.framework in Frameworks */ = {isa = PBXBuildFile; fileRef = 5BEAEA85D678615077069B55 /* Pods_Ratr.framework */; };
/* End PBXBuildFile section */

/* Begin PBXContainerItemProxy section */
		1EC111911FB33B04007BDA28 /* PBXContainerItemProxy */ = {
			isa = PBXContainerItemProxy;
			containerPortal = 1EC111741FB33B04007BDA28 /* Project object */;
			proxyType = 1;
			remoteGlobalIDString = 1EC1117B1FB33B04007BDA28;
			remoteInfo = Ratr;
		};
		1EC1119C1FB33B05007BDA28 /* PBXContainerItemProxy */ = {
			isa = PBXContainerItemProxy;
			containerPortal = 1EC111741FB33B04007BDA28 /* Project object */;
			proxyType = 1;
			remoteGlobalIDString = 1EC1117B1FB33B04007BDA28;
			remoteInfo = Ratr;
		};
/* End PBXContainerItemProxy section */

/* Begin PBXFileReference section */
		1E07F7251FCDBB1500D7B280 /* ReviewSegmentedControl.xib */ = {isa = PBXFileReference; lastKnownFileType = file.xib; path = ReviewSegmentedControl.xib; sourceTree = "<group>"; };
		1E19701B1FBB244100C8D66A /* Assets.xcassets */ = {isa = PBXFileReference; lastKnownFileType = folder.assetcatalog; path = Assets.xcassets; sourceTree = "<group>"; };
		1E19701E1FBB28F500C8D66A /* AddAppViewController.swift */ = {isa = PBXFileReference; lastKnownFileType = sourcecode.swift; path = AddAppViewController.swift; sourceTree = "<group>"; };
		1E1970241FBB657700C8D66A /* AddAppInteractor.swift */ = {isa = PBXFileReference; lastKnownFileType = sourcecode.swift; path = AddAppInteractor.swift; sourceTree = "<group>"; };
		1E2185961FC2E5CD00D7E020 /* AppReviewsController.swift */ = {isa = PBXFileReference; lastKnownFileType = sourcecode.swift; path = AppReviewsController.swift; sourceTree = "<group>"; };
		1E2185991FC2EB2A00D7E020 /* ReviewCell.xib */ = {isa = PBXFileReference; lastKnownFileType = file.xib; path = ReviewCell.xib; sourceTree = "<group>"; };
		1E3861E71FC31C5100F938F8 /* ReviewDetailsController.swift */ = {isa = PBXFileReference; lastKnownFileType = sourcecode.swift; path = ReviewDetailsController.swift; sourceTree = "<group>"; };
		1E3861E91FC31DF000F938F8 /* ReviewDetailsHeaderCell.xib */ = {isa = PBXFileReference; lastKnownFileType = file.xib; path = ReviewDetailsHeaderCell.xib; sourceTree = "<group>"; };
		1E3861EB1FC3246A00F938F8 /* ReviewDetailsCell.xib */ = {isa = PBXFileReference; lastKnownFileType = file.xib; path = ReviewDetailsCell.xib; sourceTree = "<group>"; };
		1E39629E1FC58B3000A04478 /* HomeInteractorTest.swift */ = {isa = PBXFileReference; lastKnownFileType = sourcecode.swift; path = HomeInteractorTest.swift; sourceTree = "<group>"; };
		1E3962A11FC5BF8800A04478 /* AddAppInteractorTest.swift */ = {isa = PBXFileReference; lastKnownFileType = sourcecode.swift; path = AddAppInteractorTest.swift; sourceTree = "<group>"; };
		1E3962A31FC5C56500A04478 /* MockStorage.swift */ = {isa = PBXFileReference; lastKnownFileType = sourcecode.swift; path = MockStorage.swift; sourceTree = "<group>"; };
		1E3962A51FC5CCB000A04478 /* AppDetailsDataSource.swift */ = {isa = PBXFileReference; lastKnownFileType = sourcecode.swift; path = AppDetailsDataSource.swift; sourceTree = "<group>"; };
		1E3962A71FC5D12D00A04478 /* AppReviewsDataSource.swift */ = {isa = PBXFileReference; lastKnownFileType = sourcecode.swift; path = AppReviewsDataSource.swift; sourceTree = "<group>"; };
		1E3962A91FC5D3BC00A04478 /* AppReviewsDelegate.swift */ = {isa = PBXFileReference; lastKnownFileType = sourcecode.swift; path = AppReviewsDelegate.swift; sourceTree = "<group>"; };
		1E3962AB1FC5D61300A04478 /* ReviewDetailsDataSource.swift */ = {isa = PBXFileReference; lastKnownFileType = sourcecode.swift; path = ReviewDetailsDataSource.swift; sourceTree = "<group>"; };
		1E3962AF1FC5D93000A04478 /* AddAppView.xib */ = {isa = PBXFileReference; lastKnownFileType = file.xib; path = AddAppView.xib; sourceTree = "<group>"; };
		1E4C8BAF1FC335B800795775 /* HomeDelegate.swift */ = {isa = PBXFileReference; lastKnownFileType = sourcecode.swift; path = HomeDelegate.swift; sourceTree = "<group>"; };
		1E4C8BB11FC3366800795775 /* HomeDataSource.swift */ = {isa = PBXFileReference; lastKnownFileType = sourcecode.swift; path = HomeDataSource.swift; sourceTree = "<group>"; };
		1E4C8BB51FC33E3500795775 /* HomeDataSourceTest.swift */ = {isa = PBXFileReference; lastKnownFileType = sourcecode.swift; path = HomeDataSourceTest.swift; sourceTree = "<group>"; };
		1E4C8BB71FC3414800795775 /* HomeInteractorProtocol.swift */ = {isa = PBXFileReference; lastKnownFileType = sourcecode.swift; path = HomeInteractorProtocol.swift; sourceTree = "<group>"; };
		1E4C8BBC1FC3434500795775 /* HomeInteractorMock.swift */ = {isa = PBXFileReference; lastKnownFileType = sourcecode.swift; path = HomeInteractorMock.swift; sourceTree = "<group>"; };
		1E51D4A21FC4665500C272B0 /* TestFixtures.swift */ = {isa = PBXFileReference; lastKnownFileType = sourcecode.swift; path = TestFixtures.swift; sourceTree = "<group>"; };
		1E55B0A51FC498C90004C36A /* MockNavigationController.swift */ = {isa = PBXFileReference; lastKnownFileType = sourcecode.swift; path = MockNavigationController.swift; sourceTree = "<group>"; };
		1E5D8CC01FBDCA1400268B56 /* AppDetailsController.swift */ = {isa = PBXFileReference; lastKnownFileType = sourcecode.swift; path = AppDetailsController.swift; sourceTree = "<group>"; };
		1E5D8CC21FBDCEF800268B56 /* DetailsHeaderCell.xib */ = {isa = PBXFileReference; lastKnownFileType = file.xib; path = DetailsHeaderCell.xib; sourceTree = "<group>"; };
		1E9DA7F31FD80841003FFDBE /* Cells.swift */ = {isa = PBXFileReference; fileEncoding = 4; lastKnownFileType = sourcecode.swift; path = Cells.swift; sourceTree = "<group>"; };
		1E9DA7F41FD80841003FFDBE /* Images.swift */ = {isa = PBXFileReference; fileEncoding = 4; lastKnownFileType = sourcecode.swift; path = Images.swift; sourceTree = "<group>"; };
		1E9DA7F51FD80841003FFDBE /* Rating.swift */ = {isa = PBXFileReference; fileEncoding = 4; lastKnownFileType = sourcecode.swift; path = Rating.swift; sourceTree = "<group>"; };
		1E9DA7F61FD80841003FFDBE /* Review.swift */ = {isa = PBXFileReference; fileEncoding = 4; lastKnownFileType = sourcecode.swift; path = Review.swift; sourceTree = "<group>"; };
		1E9DA7F71FD80841003FFDBE /* Views.swift */ = {isa = PBXFileReference; fileEncoding = 4; lastKnownFileType = sourcecode.swift; path = Views.swift; sourceTree = "<group>"; };
		1E9DA7FE1FD8086E003FFDBE /* ImageClient.swift */ = {isa = PBXFileReference; fileEncoding = 4; lastKnownFileType = sourcecode.swift; path = ImageClient.swift; sourceTree = "<group>"; };
		1E9DA7FF1FD8086E003FFDBE /* RatingClient.swift */ = {isa = PBXFileReference; fileEncoding = 4; lastKnownFileType = sourcecode.swift; path = RatingClient.swift; sourceTree = "<group>"; };
		1E9DA8041FD80899003FFDBE /* StringError.swift */ = {isa = PBXFileReference; fileEncoding = 4; lastKnownFileType = sourcecode.swift; path = StringError.swift; sourceTree = "<group>"; };
		1E9DA8071FD82125003FFDBE /* TestSplitViewController.swift */ = {isa = PBXFileReference; lastKnownFileType = sourcecode.swift; path = TestSplitViewController.swift; sourceTree = "<group>"; };
		1E9DA80D1FD95CB8003FFDBE /* PrimarySplitViewController.swift */ = {isa = PBXFileReference; lastKnownFileType = sourcecode.swift; path = PrimarySplitViewController.swift; sourceTree = "<group>"; };
		1EC1117C1FB33B04007BDA28 /* Ratr.app */ = {isa = PBXFileReference; explicitFileType = wrapper.application; includeInIndex = 0; path = Ratr.app; sourceTree = BUILT_PRODUCTS_DIR; };
		1EC1117F1FB33B04007BDA28 /* AppDelegate.swift */ = {isa = PBXFileReference; lastKnownFileType = sourcecode.swift; path = AppDelegate.swift; sourceTree = "<group>"; };
		1EC111841FB33B04007BDA28 /* Base */ = {isa = PBXFileReference; lastKnownFileType = file.storyboard; name = Base; path = Base.lproj/Main.storyboard; sourceTree = "<group>"; };
		1EC1118B1FB33B04007BDA28 /* Info.plist */ = {isa = PBXFileReference; lastKnownFileType = text.plist.xml; path = Info.plist; sourceTree = "<group>"; };
		1EC111901FB33B04007BDA28 /* RatrTests.xctest */ = {isa = PBXFileReference; explicitFileType = wrapper.cfbundle; includeInIndex = 0; path = RatrTests.xctest; sourceTree = BUILT_PRODUCTS_DIR; };
		1EC111941FB33B04007BDA28 /* RatrTests.swift */ = {isa = PBXFileReference; lastKnownFileType = sourcecode.swift; path = RatrTests.swift; sourceTree = "<group>"; };
		1EC111961FB33B04007BDA28 /* Info.plist */ = {isa = PBXFileReference; lastKnownFileType = text.plist.xml; path = Info.plist; sourceTree = "<group>"; };
		1EC1119B1FB33B05007BDA28 /* RatrUITests.xctest */ = {isa = PBXFileReference; explicitFileType = wrapper.cfbundle; includeInIndex = 0; path = RatrUITests.xctest; sourceTree = BUILT_PRODUCTS_DIR; };
		1EE38FCE1FBEFA290065401F /* DetailsCellSmall.xib */ = {isa = PBXFileReference; lastKnownFileType = file.xib; path = DetailsCellSmall.xib; sourceTree = "<group>"; };
		1EE38FD01FBEFB900065401F /* DetailsCellLarge.xib */ = {isa = PBXFileReference; lastKnownFileType = file.xib; path = DetailsCellLarge.xib; sourceTree = "<group>"; };
		1EE38FD61FBF36A30065401F /* RatingTabController.swift */ = {isa = PBXFileReference; lastKnownFileType = sourcecode.swift; path = RatingTabController.swift; sourceTree = "<group>"; };
		1EE9C5351FB9FB4F00FD4410 /* HomeViewController.swift */ = {isa = PBXFileReference; fileEncoding = 4; lastKnownFileType = sourcecode.swift; path = HomeViewController.swift; sourceTree = "<group>"; };
		1EE9C5371FB9FBA500FD4410 /* HomeCell.xib */ = {isa = PBXFileReference; fileEncoding = 4; lastKnownFileType = file.xib; path = HomeCell.xib; sourceTree = "<group>"; };
		1EE9C53A1FBA06E000FD4410 /* HomeInteractor.swift */ = {isa = PBXFileReference; fileEncoding = 4; lastKnownFileType = sourcecode.swift; path = HomeInteractor.swift; sourceTree = "<group>"; };
		1EF008ED1FC45B4E00388B0E /* RatingClientMock.swift */ = {isa = PBXFileReference; lastKnownFileType = sourcecode.swift; path = RatingClientMock.swift; sourceTree = "<group>"; };
		1EF008EF1FC45D1300388B0E /* HomeDelegateTest.swift */ = {isa = PBXFileReference; lastKnownFileType = sourcecode.swift; path = HomeDelegateTest.swift; sourceTree = "<group>"; };
		1EF008F11FC45F2D00388B0E /* HomeDataSourceProtocol.swift */ = {isa = PBXFileReference; lastKnownFileType = sourcecode.swift; path = HomeDataSourceProtocol.swift; sourceTree = "<group>"; };
		1EF008F31FC4610300388B0E /* HomeDataSourceMock.swift */ = {isa = PBXFileReference; lastKnownFileType = sourcecode.swift; path = HomeDataSourceMock.swift; sourceTree = "<group>"; };
		4BD137A359FFD8409AA3A07A /* Pods-Ratr.debug.xcconfig */ = {isa = PBXFileReference; includeInIndex = 1; lastKnownFileType = text.xcconfig; name = "Pods-Ratr.debug.xcconfig"; path = "Pods/Target Support Files/Pods-Ratr/Pods-Ratr.debug.xcconfig"; sourceTree = "<group>"; };
		5BEAEA85D678615077069B55 /* Pods_Ratr.framework */ = {isa = PBXFileReference; explicitFileType = wrapper.framework; includeInIndex = 0; path = Pods_Ratr.framework; sourceTree = BUILT_PRODUCTS_DIR; };
		E6FC45DED1FF0433E66317E8 /* Pods-Ratr.release.xcconfig */ = {isa = PBXFileReference; includeInIndex = 1; lastKnownFileType = text.xcconfig; name = "Pods-Ratr.release.xcconfig"; path = "Pods/Target Support Files/Pods-Ratr/Pods-Ratr.release.xcconfig"; sourceTree = "<group>"; };
/* End PBXFileReference section */

/* Begin PBXFrameworksBuildPhase section */
		1EC111791FB33B04007BDA28 /* Frameworks */ = {
			isa = PBXFrameworksBuildPhase;
			buildActionMask = 2147483647;
			files = (
				591113DB182900C0EB00FEF4 /* Pods_Ratr.framework in Frameworks */,
			);
			runOnlyForDeploymentPostprocessing = 0;
		};
		1EC1118D1FB33B04007BDA28 /* Frameworks */ = {
			isa = PBXFrameworksBuildPhase;
			buildActionMask = 2147483647;
			files = (
			);
			runOnlyForDeploymentPostprocessing = 0;
		};
		1EC111981FB33B05007BDA28 /* Frameworks */ = {
			isa = PBXFrameworksBuildPhase;
			buildActionMask = 2147483647;
			files = (
			);
			runOnlyForDeploymentPostprocessing = 0;
		};
/* End PBXFrameworksBuildPhase section */

/* Begin PBXGroup section */
		1E19701D1FBB28DC00C8D66A /* AddApp */ = {
			isa = PBXGroup;
			children = (
				1E19701E1FBB28F500C8D66A /* AddAppViewController.swift */,
				1E1970241FBB657700C8D66A /* AddAppInteractor.swift */,
				1E3962AF1FC5D93000A04478 /* AddAppView.xib */,
			);
			path = AddApp;
			sourceTree = "<group>";
		};
		1E2185951FC2E5B400D7E020 /* AppReviews */ = {
			isa = PBXGroup;
			children = (
				1E2185961FC2E5CD00D7E020 /* AppReviewsController.swift */,
				1E3962A71FC5D12D00A04478 /* AppReviewsDataSource.swift */,
				1E2185991FC2EB2A00D7E020 /* ReviewCell.xib */,
				1E3962A91FC5D3BC00A04478 /* AppReviewsDelegate.swift */,
				1E07F7251FCDBB1500D7B280 /* ReviewSegmentedControl.xib */,
			);
			path = AppReviews;
			sourceTree = "<group>";
		};
		1E2185981FC2E6AC00D7E020 /* RatingTab */ = {
			isa = PBXGroup;
			children = (
				1EE38FD61FBF36A30065401F /* RatingTabController.swift */,
			);
			path = RatingTab;
			sourceTree = "<group>";
		};
		1E3861E61FC31C3700F938F8 /* ReviewDetails */ = {
			isa = PBXGroup;
			children = (
				1E3861E71FC31C5100F938F8 /* ReviewDetailsController.swift */,
				1E3861E91FC31DF000F938F8 /* ReviewDetailsHeaderCell.xib */,
				1E3861EB1FC3246A00F938F8 /* ReviewDetailsCell.xib */,
				1E3962AB1FC5D61300A04478 /* ReviewDetailsDataSource.swift */,
			);
			path = ReviewDetails;
			sourceTree = "<group>";
		};
		1E3962A01FC5BF6300A04478 /* AddApp */ = {
			isa = PBXGroup;
			children = (
				1E3962A11FC5BF8800A04478 /* AddAppInteractorTest.swift */,
			);
			path = AddApp;
			sourceTree = "<group>";
		};
		1E4C8BB41FC33E0F00795775 /* Home */ = {
			isa = PBXGroup;
			children = (
				1E4C8BB51FC33E3500795775 /* HomeDataSourceTest.swift */,
				1EF008EF1FC45D1300388B0E /* HomeDelegateTest.swift */,
				1E39629E1FC58B3000A04478 /* HomeInteractorTest.swift */,
			);
			path = Home;
			sourceTree = "<group>";
		};
		1E4C8BBB1FC3433600795775 /* Mocks */ = {
			isa = PBXGroup;
			children = (
				1E4C8BBC1FC3434500795775 /* HomeInteractorMock.swift */,
				1EF008ED1FC45B4E00388B0E /* RatingClientMock.swift */,
				1EF008F31FC4610300388B0E /* HomeDataSourceMock.swift */,
				1E51D4A21FC4665500C272B0 /* TestFixtures.swift */,
				1E55B0A51FC498C90004C36A /* MockNavigationController.swift */,
				1E3962A31FC5C56500A04478 /* MockStorage.swift */,
			);
			path = Mocks;
			sourceTree = "<group>";
		};
		1E738FB51FB4CD9A00966405 /* UI */ = {
			isa = PBXGroup;
			children = (
				1EC111831FB33B04007BDA28 /* Main.storyboard */,
			);
			name = UI;
			sourceTree = "<group>";
		};
		1E791DDC1FB49B5E0057E872 /* Other stuff */ = {
			isa = PBXGroup;
			children = (
				1EC1117F1FB33B04007BDA28 /* AppDelegate.swift */,
				1EC1118B1FB33B04007BDA28 /* Info.plist */,
				1E19701B1FBB244100C8D66A /* Assets.xcassets */,
			);
			name = "Other stuff";
			sourceTree = "<group>";
		};
		1E9C7A9B1FBC6EE600E04F66 /* AppDetails */ = {
			isa = PBXGroup;
			children = (
				1E5D8CC01FBDCA1400268B56 /* AppDetailsController.swift */,
				1E5D8CC21FBDCEF800268B56 /* DetailsHeaderCell.xib */,
				1EE38FCE1FBEFA290065401F /* DetailsCellSmall.xib */,
				1EE38FD01FBEFB900065401F /* DetailsCellLarge.xib */,
				1E3962A51FC5CCB000A04478 /* AppDetailsDataSource.swift */,
			);
			path = AppDetails;
			sourceTree = "<group>";
		};
		1E9DA7F21FD80841003FFDBE /* Models */ = {
			isa = PBXGroup;
			children = (
				1E9DA7F31FD80841003FFDBE /* Cells.swift */,
				1E9DA7F41FD80841003FFDBE /* Images.swift */,
				1E9DA7F51FD80841003FFDBE /* Rating.swift */,
				1E9DA7F61FD80841003FFDBE /* Review.swift */,
				1E9DA7F71FD80841003FFDBE /* Views.swift */,
			);
			name = Models;
			path = Ratr/Models;
			sourceTree = SOURCE_ROOT;
		};
		1E9DA7FD1FD8086E003FFDBE /* Clients */ = {
			isa = PBXGroup;
			children = (
				1E9DA7FE1FD8086E003FFDBE /* ImageClient.swift */,
				1E9DA7FF1FD8086E003FFDBE /* RatingClient.swift */,
			);
			path = Clients;
			sourceTree = "<group>";
		};
		1E9DA8021FD80899003FFDBE /* Utils */ = {
			isa = PBXGroup;
			children = (
				1E9DA8041FD80899003FFDBE /* StringError.swift */,
			);
			path = Utils;
			sourceTree = "<group>";
		};
		1E9DA80C1FD95CAD003FFDBE /* SplitView */ = {
			isa = PBXGroup;
			children = (
				1E9DA80D1FD95CB8003FFDBE /* PrimarySplitViewController.swift */,
			);
			path = SplitView;
			sourceTree = "<group>";
		};
		1EC111731FB33B04007BDA28 = {
			isa = PBXGroup;
			children = (
				1EC1117E1FB33B04007BDA28 /* Ratr */,
				1EC111931FB33B04007BDA28 /* RatrTests */,
				1EC1117D1FB33B04007BDA28 /* Products */,
				2B4C36CF1CD1ABE4879D1399 /* Pods */,
				6817B162719A534CAD1B279A /* Frameworks */,
			);
			sourceTree = "<group>";
		};
		1EC1117D1FB33B04007BDA28 /* Products */ = {
			isa = PBXGroup;
			children = (
				1EC1117C1FB33B04007BDA28 /* Ratr.app */,
				1EC111901FB33B04007BDA28 /* RatrTests.xctest */,
				1EC1119B1FB33B05007BDA28 /* RatrUITests.xctest */,
			);
			name = Products;
			sourceTree = "<group>";
		};
		1EC1117E1FB33B04007BDA28 /* Ratr */ = {
			isa = PBXGroup;
			children = (
				1E9DA80C1FD95CAD003FFDBE /* SplitView */,
				1E9DA8021FD80899003FFDBE /* Utils */,
				1E9DA7FD1FD8086E003FFDBE /* Clients */,
				1E3861E61FC31C3700F938F8 /* ReviewDetails */,
				1E2185981FC2E6AC00D7E020 /* RatingTab */,
				1E2185951FC2E5B400D7E020 /* AppReviews */,
				1E9C7A9B1FBC6EE600E04F66 /* AppDetails */,
				1E19701D1FBB28DC00C8D66A /* AddApp */,
				1EE9C5341FB9FB4F00FD4410 /* Home */,
				1E791DDC1FB49B5E0057E872 /* Other stuff */,
				1E738FB51FB4CD9A00966405 /* UI */,
				1E9DA8071FD82125003FFDBE /* TestSplitViewController.swift */,
			);
			path = Ratr;
			sourceTree = "<group>";
		};
		1EC111931FB33B04007BDA28 /* RatrTests */ = {
			isa = PBXGroup;
			children = (
				1E3962A01FC5BF6300A04478 /* AddApp */,
				1E4C8BBB1FC3433600795775 /* Mocks */,
				1E4C8BB41FC33E0F00795775 /* Home */,
				1EC111941FB33B04007BDA28 /* RatrTests.swift */,
				1EC111961FB33B04007BDA28 /* Info.plist */,
			);
			path = RatrTests;
			sourceTree = "<group>";
		};
		1EE9C5341FB9FB4F00FD4410 /* Home */ = {
			isa = PBXGroup;
			children = (
				1EE9C5351FB9FB4F00FD4410 /* HomeViewController.swift */,
				1EE9C5371FB9FBA500FD4410 /* HomeCell.xib */,
				1EE9C53A1FBA06E000FD4410 /* HomeInteractor.swift */,
				1E4C8BAF1FC335B800795775 /* HomeDelegate.swift */,
				1E4C8BB11FC3366800795775 /* HomeDataSource.swift */,
				1E4C8BB71FC3414800795775 /* HomeInteractorProtocol.swift */,
				1EF008F11FC45F2D00388B0E /* HomeDataSourceProtocol.swift */,
				1E9DA7F21FD80841003FFDBE /* Models */,
			);
			path = Home;
			sourceTree = "<group>";
		};
		2B4C36CF1CD1ABE4879D1399 /* Pods */ = {
			isa = PBXGroup;
			children = (
				4BD137A359FFD8409AA3A07A /* Pods-Ratr.debug.xcconfig */,
				E6FC45DED1FF0433E66317E8 /* Pods-Ratr.release.xcconfig */,
			);
			name = Pods;
			sourceTree = "<group>";
		};
		6817B162719A534CAD1B279A /* Frameworks */ = {
			isa = PBXGroup;
			children = (
				5BEAEA85D678615077069B55 /* Pods_Ratr.framework */,
			);
			name = Frameworks;
			sourceTree = "<group>";
		};
/* End PBXGroup section */

/* Begin PBXNativeTarget section */
		1EC1117B1FB33B04007BDA28 /* Ratr */ = {
			isa = PBXNativeTarget;
			buildConfigurationList = 1EC111A41FB33B05007BDA28 /* Build configuration list for PBXNativeTarget "Ratr" */;
			buildPhases = (
				4862A66A3DF61EA50BDE4A2B /* [CP] Check Pods Manifest.lock */,
				1EC111781FB33B04007BDA28 /* Sources */,
				1EC111791FB33B04007BDA28 /* Frameworks */,
				1EC1117A1FB33B04007BDA28 /* Resources */,
				525D32778BEEE2AAE6195DBA /* [CP] Embed Pods Frameworks */,
				8C0CE3806CB5085EE19E67D0 /* [CP] Copy Pods Resources */,
			);
			buildRules = (
			);
			dependencies = (
			);
			name = Ratr;
			productName = Ratr;
			productReference = 1EC1117C1FB33B04007BDA28 /* Ratr.app */;
			productType = "com.apple.product-type.application";
		};
		1EC1118F1FB33B04007BDA28 /* RatrTests */ = {
			isa = PBXNativeTarget;
			buildConfigurationList = 1EC111A71FB33B05007BDA28 /* Build configuration list for PBXNativeTarget "RatrTests" */;
			buildPhases = (
				1EC1118C1FB33B04007BDA28 /* Sources */,
				1EC1118D1FB33B04007BDA28 /* Frameworks */,
				1EC1118E1FB33B04007BDA28 /* Resources */,
			);
			buildRules = (
			);
			dependencies = (
				1EC111921FB33B04007BDA28 /* PBXTargetDependency */,
			);
			name = RatrTests;
			productName = RatrTests;
			productReference = 1EC111901FB33B04007BDA28 /* RatrTests.xctest */;
			productType = "com.apple.product-type.bundle.unit-test";
		};
		1EC1119A1FB33B05007BDA28 /* RatrUITests */ = {
			isa = PBXNativeTarget;
			buildConfigurationList = 1EC111AA1FB33B05007BDA28 /* Build configuration list for PBXNativeTarget "RatrUITests" */;
			buildPhases = (
				1EC111971FB33B05007BDA28 /* Sources */,
				1EC111981FB33B05007BDA28 /* Frameworks */,
				1EC111991FB33B05007BDA28 /* Resources */,
			);
			buildRules = (
			);
			dependencies = (
				1EC1119D1FB33B05007BDA28 /* PBXTargetDependency */,
			);
			name = RatrUITests;
			productName = RatrUITests;
			productReference = 1EC1119B1FB33B05007BDA28 /* RatrUITests.xctest */;
			productType = "com.apple.product-type.bundle.ui-testing";
		};
/* End PBXNativeTarget section */

/* Begin PBXProject section */
		1EC111741FB33B04007BDA28 /* Project object */ = {
			isa = PBXProject;
			attributes = {
				LastSwiftUpdateCheck = 0820;
				LastUpgradeCheck = 0910;
				ORGANIZATIONNAME = Soundcloud;
				TargetAttributes = {
					1EC1117B1FB33B04007BDA28 = {
						CreatedOnToolsVersion = 8.2.1;
						LastSwiftMigration = 0910;
						ProvisioningStyle = Automatic;
					};
					1EC1118F1FB33B04007BDA28 = {
						CreatedOnToolsVersion = 8.2.1;
						LastSwiftMigration = 0910;
						ProvisioningStyle = Automatic;
						TestTargetID = 1EC1117B1FB33B04007BDA28;
					};
					1EC1119A1FB33B05007BDA28 = {
						CreatedOnToolsVersion = 8.2.1;
						LastSwiftMigration = 0910;
						ProvisioningStyle = Automatic;
						TestTargetID = 1EC1117B1FB33B04007BDA28;
					};
				};
			};
			buildConfigurationList = 1EC111771FB33B04007BDA28 /* Build configuration list for PBXProject "Ratr" */;
			compatibilityVersion = "Xcode 3.2";
			developmentRegion = English;
			hasScannedForEncodings = 0;
			knownRegions = (
				en,
				Base,
			);
			mainGroup = 1EC111731FB33B04007BDA28;
			productRefGroup = 1EC1117D1FB33B04007BDA28 /* Products */;
			projectDirPath = "";
			projectRoot = "";
			targets = (
				1EC1117B1FB33B04007BDA28 /* Ratr */,
				1EC1118F1FB33B04007BDA28 /* RatrTests */,
				1EC1119A1FB33B05007BDA28 /* RatrUITests */,
			);
		};
/* End PBXProject section */

/* Begin PBXResourcesBuildPhase section */
		1EC1117A1FB33B04007BDA28 /* Resources */ = {
			isa = PBXResourcesBuildPhase;
			buildActionMask = 2147483647;
			files = (
				1E5D8CC31FBDCEF800268B56 /* DetailsHeaderCell.xib in Resources */,
				1E21859A1FC2EB2A00D7E020 /* ReviewCell.xib in Resources */,
				1E07F7261FCDBB1500D7B280 /* ReviewSegmentedControl.xib in Resources */,
				1EE38FCF1FBEFA290065401F /* DetailsCellSmall.xib in Resources */,
				1E3962B01FC5D93000A04478 /* AddAppView.xib in Resources */,
				1EE9C5381FB9FBA500FD4410 /* HomeCell.xib in Resources */,
				1E19701C1FBB244100C8D66A /* Assets.xcassets in Resources */,
				1EE38FD11FBEFB900065401F /* DetailsCellLarge.xib in Resources */,
				1EC111851FB33B04007BDA28 /* Main.storyboard in Resources */,
				1E3861EC1FC3246A00F938F8 /* ReviewDetailsCell.xib in Resources */,
				1E3861EA1FC31DF000F938F8 /* ReviewDetailsHeaderCell.xib in Resources */,
			);
			runOnlyForDeploymentPostprocessing = 0;
		};
		1EC1118E1FB33B04007BDA28 /* Resources */ = {
			isa = PBXResourcesBuildPhase;
			buildActionMask = 2147483647;
			files = (
			);
			runOnlyForDeploymentPostprocessing = 0;
		};
		1EC111991FB33B05007BDA28 /* Resources */ = {
			isa = PBXResourcesBuildPhase;
			buildActionMask = 2147483647;
			files = (
			);
			runOnlyForDeploymentPostprocessing = 0;
		};
/* End PBXResourcesBuildPhase section */

/* Begin PBXShellScriptBuildPhase section */
		4862A66A3DF61EA50BDE4A2B /* [CP] Check Pods Manifest.lock */ = {
			isa = PBXShellScriptBuildPhase;
			buildActionMask = 2147483647;
			files = (
			);
			inputPaths = (
				"${PODS_PODFILE_DIR_PATH}/Podfile.lock",
				"${PODS_ROOT}/Manifest.lock",
			);
			name = "[CP] Check Pods Manifest.lock";
			outputPaths = (
				"$(DERIVED_FILE_DIR)/Pods-Ratr-checkManifestLockResult.txt",
			);
			runOnlyForDeploymentPostprocessing = 0;
			shellPath = /bin/sh;
			shellScript = "diff \"${PODS_PODFILE_DIR_PATH}/Podfile.lock\" \"${PODS_ROOT}/Manifest.lock\" > /dev/null\nif [ $? != 0 ] ; then\n    # print error to STDERR\n    echo \"error: The sandbox is not in sync with the Podfile.lock. Run 'pod install' or update your CocoaPods installation.\" >&2\n    exit 1\nfi\n# This output is used by Xcode 'outputs' to avoid re-running this script phase.\necho \"SUCCESS\" > \"${SCRIPT_OUTPUT_FILE_0}\"\n";
			showEnvVarsInLog = 0;
		};
		525D32778BEEE2AAE6195DBA /* [CP] Embed Pods Frameworks */ = {
			isa = PBXShellScriptBuildPhase;
			buildActionMask = 2147483647;
			files = (
			);
			inputPaths = (
				"${SRCROOT}/Pods/Target Support Files/Pods-Ratr/Pods-Ratr-frameworks.sh",
				"${BUILT_PRODUCTS_DIR}/AARatingBar/AARatingBar.framework",
				"${BUILT_PRODUCTS_DIR}/Alamofire/Alamofire.framework",
				"${BUILT_PRODUCTS_DIR}/Disk/Disk.framework",
				"${BUILT_PRODUCTS_DIR}/Kingfisher/Kingfisher.framework",
				"${BUILT_PRODUCTS_DIR}/SwiftyJSON/SwiftyJSON.framework",
			);
			name = "[CP] Embed Pods Frameworks";
			outputPaths = (
				"${TARGET_BUILD_DIR}/${FRAMEWORKS_FOLDER_PATH}/AARatingBar.framework",
				"${TARGET_BUILD_DIR}/${FRAMEWORKS_FOLDER_PATH}/Alamofire.framework",
				"${TARGET_BUILD_DIR}/${FRAMEWORKS_FOLDER_PATH}/Disk.framework",
				"${TARGET_BUILD_DIR}/${FRAMEWORKS_FOLDER_PATH}/Kingfisher.framework",
				"${TARGET_BUILD_DIR}/${FRAMEWORKS_FOLDER_PATH}/SwiftyJSON.framework",
			);
			runOnlyForDeploymentPostprocessing = 0;
			shellPath = /bin/sh;
			shellScript = "\"${SRCROOT}/Pods/Target Support Files/Pods-Ratr/Pods-Ratr-frameworks.sh\"\n";
			showEnvVarsInLog = 0;
		};
		8C0CE3806CB5085EE19E67D0 /* [CP] Copy Pods Resources */ = {
			isa = PBXShellScriptBuildPhase;
			buildActionMask = 2147483647;
			files = (
			);
			inputPaths = (
			);
			name = "[CP] Copy Pods Resources";
			outputPaths = (
			);
			runOnlyForDeploymentPostprocessing = 0;
			shellPath = /bin/sh;
			shellScript = "\"${SRCROOT}/Pods/Target Support Files/Pods-Ratr/Pods-Ratr-resources.sh\"\n";
			showEnvVarsInLog = 0;
		};
/* End PBXShellScriptBuildPhase section */

/* Begin PBXSourcesBuildPhase section */
		1EC111781FB33B04007BDA28 /* Sources */ = {
			isa = PBXSourcesBuildPhase;
			buildActionMask = 2147483647;
			files = (
				1EE38FD71FBF36A30065401F /* RatingTabController.swift in Sources */,
				1E1970251FBB657700C8D66A /* AddAppInteractor.swift in Sources */,
				1E3861E81FC31C5100F938F8 /* ReviewDetailsController.swift in Sources */,
				1E3962AA1FC5D3BC00A04478 /* AppReviewsDelegate.swift in Sources */,
				1E4C8BB01FC335B800795775 /* HomeDelegate.swift in Sources */,
				1E9DA8061FD80899003FFDBE /* StringError.swift in Sources */,
				1EE9C5361FB9FB4F00FD4410 /* HomeViewController.swift in Sources */,
				1E9DA7FC1FD80841003FFDBE /* Views.swift in Sources */,
				1E9DA8001FD8086E003FFDBE /* ImageClient.swift in Sources */,
				1E9DA80E1FD95CB8003FFDBE /* PrimarySplitViewController.swift in Sources */,
				1E5D8CC11FBDCA1400268B56 /* AppDetailsController.swift in Sources */,
				1EE9C53B1FBA06E000FD4410 /* HomeInteractor.swift in Sources */,
				1E9DA7FB1FD80841003FFDBE /* Review.swift in Sources */,
				1E9DA8011FD8086E003FFDBE /* RatingClient.swift in Sources */,
				1EC111801FB33B04007BDA28 /* AppDelegate.swift in Sources */,
				1E9DA7FA1FD80841003FFDBE /* Rating.swift in Sources */,
				1E3962A81FC5D12D00A04478 /* AppReviewsDataSource.swift in Sources */,
				1E3962A61FC5CCB000A04478 /* AppDetailsDataSource.swift in Sources */,
				1E9DA7F91FD80841003FFDBE /* Images.swift in Sources */,
				1E9DA8081FD82125003FFDBE /* TestSplitViewController.swift in Sources */,
				1E19701F1FBB28F500C8D66A /* AddAppViewController.swift in Sources */,
				1E3962AC1FC5D61300A04478 /* ReviewDetailsDataSource.swift in Sources */,
				1E2185971FC2E5CD00D7E020 /* AppReviewsController.swift in Sources */,
				1E4C8BB81FC3414800795775 /* HomeInteractorProtocol.swift in Sources */,
				1E9DA7F81FD80841003FFDBE /* Cells.swift in Sources */,
				1E4C8BB21FC3366800795775 /* HomeDataSource.swift in Sources */,
				1EF008F21FC45F2D00388B0E /* HomeDataSourceProtocol.swift in Sources */,
			);
			runOnlyForDeploymentPostprocessing = 0;
		};
		1EC1118C1FB33B04007BDA28 /* Sources */ = {
			isa = PBXSourcesBuildPhase;
			buildActionMask = 2147483647;
			files = (
				1EC111951FB33B04007BDA28 /* RatrTests.swift in Sources */,
				1EF008F41FC4610300388B0E /* HomeDataSourceMock.swift in Sources */,
				1E4C8BBD1FC3434500795775 /* HomeInteractorMock.swift in Sources */,
				1E39629F1FC58B3000A04478 /* HomeInteractorTest.swift in Sources */,
				1EF008F01FC45D1300388B0E /* HomeDelegateTest.swift in Sources */,
				1E51D4A31FC4665500C272B0 /* TestFixtures.swift in Sources */,
				1E3962A41FC5C56500A04478 /* MockStorage.swift in Sources */,
				1E3962A21FC5BF8800A04478 /* AddAppInteractorTest.swift in Sources */,
				1E4C8BB61FC33E3500795775 /* HomeDataSourceTest.swift in Sources */,
				1EF008EE1FC45B4E00388B0E /* RatingClientMock.swift in Sources */,
				1E55B0A61FC498C90004C36A /* MockNavigationController.swift in Sources */,
			);
			runOnlyForDeploymentPostprocessing = 0;
		};
		1EC111971FB33B05007BDA28 /* Sources */ = {
			isa = PBXSourcesBuildPhase;
			buildActionMask = 2147483647;
			files = (
			);
			runOnlyForDeploymentPostprocessing = 0;
		};
/* End PBXSourcesBuildPhase section */

/* Begin PBXTargetDependency section */
		1EC111921FB33B04007BDA28 /* PBXTargetDependency */ = {
			isa = PBXTargetDependency;
			target = 1EC1117B1FB33B04007BDA28 /* Ratr */;
			targetProxy = 1EC111911FB33B04007BDA28 /* PBXContainerItemProxy */;
		};
		1EC1119D1FB33B05007BDA28 /* PBXTargetDependency */ = {
			isa = PBXTargetDependency;
			target = 1EC1117B1FB33B04007BDA28 /* Ratr */;
			targetProxy = 1EC1119C1FB33B05007BDA28 /* PBXContainerItemProxy */;
		};
/* End PBXTargetDependency section */

/* Begin PBXVariantGroup section */
		1EC111831FB33B04007BDA28 /* Main.storyboard */ = {
			isa = PBXVariantGroup;
			children = (
				1EC111841FB33B04007BDA28 /* Base */,
			);
			name = Main.storyboard;
			sourceTree = "<group>";
		};
/* End PBXVariantGroup section */

/* Begin XCBuildConfiguration section */
		1EC111A21FB33B05007BDA28 /* Debug */ = {
			isa = XCBuildConfiguration;
			buildSettings = {
				ALWAYS_SEARCH_USER_PATHS = NO;
				CLANG_ANALYZER_NONNULL = YES;
				CLANG_CXX_LANGUAGE_STANDARD = "gnu++0x";
				CLANG_CXX_LIBRARY = "libc++";
				CLANG_ENABLE_MODULES = YES;
				CLANG_ENABLE_OBJC_ARC = YES;
				CLANG_WARN_BLOCK_CAPTURE_AUTORELEASING = YES;
				CLANG_WARN_BOOL_CONVERSION = YES;
				CLANG_WARN_COMMA = YES;
				CLANG_WARN_CONSTANT_CONVERSION = YES;
				CLANG_WARN_DIRECT_OBJC_ISA_USAGE = YES_ERROR;
				CLANG_WARN_DOCUMENTATION_COMMENTS = YES;
				CLANG_WARN_EMPTY_BODY = YES;
				CLANG_WARN_ENUM_CONVERSION = YES;
				CLANG_WARN_INFINITE_RECURSION = YES;
				CLANG_WARN_INT_CONVERSION = YES;
				CLANG_WARN_NON_LITERAL_NULL_CONVERSION = YES;
				CLANG_WARN_OBJC_LITERAL_CONVERSION = YES;
				CLANG_WARN_OBJC_ROOT_CLASS = YES_ERROR;
				CLANG_WARN_RANGE_LOOP_ANALYSIS = YES;
				CLANG_WARN_STRICT_PROTOTYPES = YES;
				CLANG_WARN_SUSPICIOUS_MOVE = YES;
				CLANG_WARN_UNREACHABLE_CODE = YES;
				CLANG_WARN__DUPLICATE_METHOD_MATCH = YES;
				"CODE_SIGN_IDENTITY[sdk=iphoneos*]" = "iPhone Developer";
				COPY_PHASE_STRIP = NO;
				DEBUG_INFORMATION_FORMAT = dwarf;
				ENABLE_STRICT_OBJC_MSGSEND = YES;
				ENABLE_TESTABILITY = YES;
				GCC_C_LANGUAGE_STANDARD = gnu99;
				GCC_DYNAMIC_NO_PIC = NO;
				GCC_NO_COMMON_BLOCKS = YES;
				GCC_OPTIMIZATION_LEVEL = 0;
				GCC_PREPROCESSOR_DEFINITIONS = (
					"DEBUG=1",
					"$(inherited)",
				);
				GCC_WARN_64_TO_32_BIT_CONVERSION = YES;
				GCC_WARN_ABOUT_RETURN_TYPE = YES_ERROR;
				GCC_WARN_UNDECLARED_SELECTOR = YES;
				GCC_WARN_UNINITIALIZED_AUTOS = YES_AGGRESSIVE;
				GCC_WARN_UNUSED_FUNCTION = YES;
				GCC_WARN_UNUSED_VARIABLE = YES;
				IPHONEOS_DEPLOYMENT_TARGET = 10.2;
				MTL_ENABLE_DEBUG_INFO = YES;
				ONLY_ACTIVE_ARCH = YES;
				SDKROOT = iphoneos;
				SWIFT_ACTIVE_COMPILATION_CONDITIONS = DEBUG;
				SWIFT_OPTIMIZATION_LEVEL = "-Onone";
				TARGETED_DEVICE_FAMILY = "1,2";
			};
			name = Debug;
		};
		1EC111A31FB33B05007BDA28 /* Release */ = {
			isa = XCBuildConfiguration;
			buildSettings = {
				ALWAYS_SEARCH_USER_PATHS = NO;
				CLANG_ANALYZER_NONNULL = YES;
				CLANG_CXX_LANGUAGE_STANDARD = "gnu++0x";
				CLANG_CXX_LIBRARY = "libc++";
				CLANG_ENABLE_MODULES = YES;
				CLANG_ENABLE_OBJC_ARC = YES;
				CLANG_WARN_BLOCK_CAPTURE_AUTORELEASING = YES;
				CLANG_WARN_BOOL_CONVERSION = YES;
				CLANG_WARN_COMMA = YES;
				CLANG_WARN_CONSTANT_CONVERSION = YES;
				CLANG_WARN_DIRECT_OBJC_ISA_USAGE = YES_ERROR;
				CLANG_WARN_DOCUMENTATION_COMMENTS = YES;
				CLANG_WARN_EMPTY_BODY = YES;
				CLANG_WARN_ENUM_CONVERSION = YES;
				CLANG_WARN_INFINITE_RECURSION = YES;
				CLANG_WARN_INT_CONVERSION = YES;
				CLANG_WARN_NON_LITERAL_NULL_CONVERSION = YES;
				CLANG_WARN_OBJC_LITERAL_CONVERSION = YES;
				CLANG_WARN_OBJC_ROOT_CLASS = YES_ERROR;
				CLANG_WARN_RANGE_LOOP_ANALYSIS = YES;
				CLANG_WARN_STRICT_PROTOTYPES = YES;
				CLANG_WARN_SUSPICIOUS_MOVE = YES;
				CLANG_WARN_UNREACHABLE_CODE = YES;
				CLANG_WARN__DUPLICATE_METHOD_MATCH = YES;
				"CODE_SIGN_IDENTITY[sdk=iphoneos*]" = "iPhone Developer";
				COPY_PHASE_STRIP = NO;
				DEBUG_INFORMATION_FORMAT = "dwarf-with-dsym";
				ENABLE_NS_ASSERTIONS = NO;
				ENABLE_STRICT_OBJC_MSGSEND = YES;
				GCC_C_LANGUAGE_STANDARD = gnu99;
				GCC_NO_COMMON_BLOCKS = YES;
				GCC_WARN_64_TO_32_BIT_CONVERSION = YES;
				GCC_WARN_ABOUT_RETURN_TYPE = YES_ERROR;
				GCC_WARN_UNDECLARED_SELECTOR = YES;
				GCC_WARN_UNINITIALIZED_AUTOS = YES_AGGRESSIVE;
				GCC_WARN_UNUSED_FUNCTION = YES;
				GCC_WARN_UNUSED_VARIABLE = YES;
				IPHONEOS_DEPLOYMENT_TARGET = 10.2;
				MTL_ENABLE_DEBUG_INFO = NO;
				SDKROOT = iphoneos;
				SWIFT_OPTIMIZATION_LEVEL = "-Owholemodule";
				TARGETED_DEVICE_FAMILY = "1,2";
				VALIDATE_PRODUCT = YES;
			};
			name = Release;
		};
		1EC111A51FB33B05007BDA28 /* Debug */ = {
			isa = XCBuildConfiguration;
			baseConfigurationReference = 4BD137A359FFD8409AA3A07A /* Pods-Ratr.debug.xcconfig */;
			buildSettings = {
				ASSETCATALOG_COMPILER_APPICON_NAME = AppIcon;
				INFOPLIST_FILE = Ratr/Info.plist;
				LD_RUNPATH_SEARCH_PATHS = "$(inherited) @executable_path/Frameworks";
				PRODUCT_BUNDLE_IDENTIFIER = com.soundcloud.Ratr;
				PRODUCT_NAME = "$(TARGET_NAME)";
				SWIFT_SWIFT3_OBJC_INFERENCE = On;
				SWIFT_VERSION = 4.0;
			};
			name = Debug;
		};
		1EC111A61FB33B05007BDA28 /* Release */ = {
			isa = XCBuildConfiguration;
			baseConfigurationReference = E6FC45DED1FF0433E66317E8 /* Pods-Ratr.release.xcconfig */;
			buildSettings = {
				ASSETCATALOG_COMPILER_APPICON_NAME = AppIcon;
				INFOPLIST_FILE = Ratr/Info.plist;
				LD_RUNPATH_SEARCH_PATHS = "$(inherited) @executable_path/Frameworks";
				PRODUCT_BUNDLE_IDENTIFIER = com.soundcloud.Ratr;
				PRODUCT_NAME = "$(TARGET_NAME)";
				SWIFT_SWIFT3_OBJC_INFERENCE = On;
				SWIFT_VERSION = 4.0;
			};
			name = Release;
		};
		1EC111A81FB33B05007BDA28 /* Debug */ = {
			isa = XCBuildConfiguration;
			buildSettings = {
				ALWAYS_EMBED_SWIFT_STANDARD_LIBRARIES = YES;
				BUNDLE_LOADER = "$(TEST_HOST)";
				INFOPLIST_FILE = RatrTests/Info.plist;
				LD_RUNPATH_SEARCH_PATHS = "$(inherited) @executable_path/Frameworks @loader_path/Frameworks";
				PRODUCT_BUNDLE_IDENTIFIER = com.soundcloud.RatrTests;
				PRODUCT_NAME = "$(TARGET_NAME)";
				SWIFT_SWIFT3_OBJC_INFERENCE = On;
				SWIFT_VERSION = 4.0;
				TEST_HOST = "$(BUILT_PRODUCTS_DIR)/Ratr.app/Ratr";
			};
			name = Debug;
		};
		1EC111A91FB33B05007BDA28 /* Release */ = {
			isa = XCBuildConfiguration;
			buildSettings = {
				ALWAYS_EMBED_SWIFT_STANDARD_LIBRARIES = YES;
				BUNDLE_LOADER = "$(TEST_HOST)";
				INFOPLIST_FILE = RatrTests/Info.plist;
				LD_RUNPATH_SEARCH_PATHS = "$(inherited) @executable_path/Frameworks @loader_path/Frameworks";
				PRODUCT_BUNDLE_IDENTIFIER = com.soundcloud.RatrTests;
				PRODUCT_NAME = "$(TARGET_NAME)";
				SWIFT_SWIFT3_OBJC_INFERENCE = On;
				SWIFT_VERSION = 4.0;
				TEST_HOST = "$(BUILT_PRODUCTS_DIR)/Ratr.app/Ratr";
			};
			name = Release;
		};
		1EC111AB1FB33B05007BDA28 /* Debug */ = {
			isa = XCBuildConfiguration;
			buildSettings = {
				ALWAYS_EMBED_SWIFT_STANDARD_LIBRARIES = YES;
				INFOPLIST_FILE = RatrUITests/Info.plist;
				LD_RUNPATH_SEARCH_PATHS = "$(inherited) @executable_path/Frameworks @loader_path/Frameworks";
				PRODUCT_BUNDLE_IDENTIFIER = com.soundcloud.RatrUITests;
				PRODUCT_NAME = "$(TARGET_NAME)";
				SWIFT_SWIFT3_OBJC_INFERENCE = On;
				SWIFT_VERSION = 4.0;
				TEST_TARGET_NAME = Ratr;
			};
			name = Debug;
		};
		1EC111AC1FB33B05007BDA28 /* Release */ = {
			isa = XCBuildConfiguration;
			buildSettings = {
				ALWAYS_EMBED_SWIFT_STANDARD_LIBRARIES = YES;
				INFOPLIST_FILE = RatrUITests/Info.plist;
				LD_RUNPATH_SEARCH_PATHS = "$(inherited) @executable_path/Frameworks @loader_path/Frameworks";
				PRODUCT_BUNDLE_IDENTIFIER = com.soundcloud.RatrUITests;
				PRODUCT_NAME = "$(TARGET_NAME)";
				SWIFT_SWIFT3_OBJC_INFERENCE = On;
				SWIFT_VERSION = 4.0;
				TEST_TARGET_NAME = Ratr;
			};
			name = Release;
		};
/* End XCBuildConfiguration section */

/* Begin XCConfigurationList section */
		1EC111771FB33B04007BDA28 /* Build configuration list for PBXProject "Ratr" */ = {
			isa = XCConfigurationList;
			buildConfigurations = (
				1EC111A21FB33B05007BDA28 /* Debug */,
				1EC111A31FB33B05007BDA28 /* Release */,
			);
			defaultConfigurationIsVisible = 0;
			defaultConfigurationName = Release;
		};
		1EC111A41FB33B05007BDA28 /* Build configuration list for PBXNativeTarget "Ratr" */ = {
			isa = XCConfigurationList;
			buildConfigurations = (
				1EC111A51FB33B05007BDA28 /* Debug */,
				1EC111A61FB33B05007BDA28 /* Release */,
			);
			defaultConfigurationIsVisible = 0;
			defaultConfigurationName = Release;
		};
		1EC111A71FB33B05007BDA28 /* Build configuration list for PBXNativeTarget "RatrTests" */ = {
			isa = XCConfigurationList;
			buildConfigurations = (
				1EC111A81FB33B05007BDA28 /* Debug */,
				1EC111A91FB33B05007BDA28 /* Release */,
			);
			defaultConfigurationIsVisible = 0;
			defaultConfigurationName = Release;
		};
		1EC111AA1FB33B05007BDA28 /* Build configuration list for PBXNativeTarget "RatrUITests" */ = {
			isa = XCConfigurationList;
			buildConfigurations = (
				1EC111AB1FB33B05007BDA28 /* Debug */,
				1EC111AC1FB33B05007BDA28 /* Release */,
			);
			defaultConfigurationIsVisible = 0;
			defaultConfigurationName = Release;
		};
/* End XCConfigurationList section */
	};
	rootObject = 1EC111741FB33B04007BDA28 /* Project object */;
}
